{
  "name": "Lux CRM ©",
  "lockfileVersion": 3,
  "requires": true,
  "packages": {
    "": {
      "dependencies": {
        "create-react-email": "^0.0.0"
      }
    },
    "node_modules/create-react-email": {
      "version": "0.0.0",
      "resolved": "https://registry.npmjs.org/create-react-email/-/create-react-email-0.0.0.tgz",
      "integrity": "sha512-3XAWcoK9KMgze9UImGsoAY7Yj+I2Hf2mKk7g1acOsBbNnUwB/IvhdQTMgNrYmIGn2b/VHup3JbEAEbEGIRjviQ==",
      "license": "ISC"
    }
  }
}
